
Microsoft Visual Studio Solution File, Format Version 12.00
# Visual Studio Version 16
VisualStudioVersion = 16.0.32602.291
MinimumVisualStudioVersion = 10.0.40219.1
Project("{FAE04EC0-301F-11D3-BF4B-00C04F79EFBC}") = "wenhomework", "wenhomework\wenhomework.csproj", "{3B3C98F2-8265-4F5F-92D2-657444FEBF56}"
EndProject
Global
	GlobalSection(SolutionConfigurationPlatforms) = preSolution
		Debug|Any CPU = Debug|Any CPU
		Release|Any CPU = Release|Any CPU
	EndGlobalSection
	GlobalSection(ProjectConfigurationPlatforms) = postSolution
		{3B3C98F2-8265-4F5F-92D2-657444FEBF56}.Debug|Any CPU.ActiveCfg = Debug|Any CPU
		{3B3C98F2-8265-4F5F-92D2-657444FEBF56}.Debug|Any CPU.Build.0 = Debug|Any CPU
		{3B3C98F2-8265-4F5F-92D2-657444FEBF56}.Release|Any CPU.ActiveCfg = Release|Any CPU
		{3B3C98F2-8265-4F5F-92D2-657444FEBF56}.Release|Any CPU.Build.0 = Release|Any CPU
	EndGlobalSection
	GlobalSection(SolutionProperties) = preSolution
		HideSolutionNode = FALSE
	EndGlobalSection
	GlobalSection(ExtensibilityGlobals) = postSolution
		SolutionGuid = {29DD01FF-2AFD-40F5-B057-EA3AABC9A971}
	EndGlobalSection
EndGlobal
